
Microsoft Visual Studio Solution File, Format Version 12.00
# Visual Studio Version 17
VisualStudioVersion = 17.14.36518.9
MinimumVisualStudioVersion = 10.0.40219.1
Project("{FAE04EC0-301F-11D3-BF4B-00C04F79EFBC}") = "Blazor", "Blazor\Blazor.csproj", "{33609EB4-D6BA-4DD8-BA4E-D4B5D6AA2FF0}"
EndProject
Project("{FAE04EC0-301F-11D3-BF4B-00C04F79EFBC}") = "TODOlist", "TODOlist\TODOlist.csproj", "{71415B2E-F60B-4192-B74D-0DEA3043A743}"
EndProject
Project("{FAE04EC0-301F-11D3-BF4B-00C04F79EFBC}") = "BlazorStart", "BlazorStart\BlazorStart.csproj", "{6C379228-DF5A-4EB8-8F52-E11A1E4C55A5}"
EndProject
Project("{FAE04EC0-301F-11D3-BF4B-00C04F79EFBC}") = "Movies", "Movies\Movies.csproj", "{38E40C47-BA59-4473-B0CF-9709B862B0B0}"
EndProject
Project("{FAE04EC0-301F-11D3-BF4B-00C04F79EFBC}") = "Academy", "Academy\Academy.csproj", "{B0262E7B-803F-42A1-A66A-D604028184A0}"
EndProject
Global
	GlobalSection(SolutionConfigurationPlatforms) = preSolution
		Debug|Any CPU = Debug|Any CPU
		Release|Any CPU = Release|Any CPU
	EndGlobalSection
	GlobalSection(ProjectConfigurationPlatforms) = postSolution
		{33609EB4-D6BA-4DD8-BA4E-D4B5D6AA2FF0}.Debug|Any CPU.ActiveCfg = Debug|Any CPU
		{33609EB4-D6BA-4DD8-BA4E-D4B5D6AA2FF0}.Debug|Any CPU.Build.0 = Debug|Any CPU
		{33609EB4-D6BA-4DD8-BA4E-D4B5D6AA2FF0}.Release|Any CPU.ActiveCfg = Release|Any CPU
		{33609EB4-D6BA-4DD8-BA4E-D4B5D6AA2FF0}.Release|Any CPU.Build.0 = Release|Any CPU
		{71415B2E-F60B-4192-B74D-0DEA3043A743}.Debug|Any CPU.ActiveCfg = Debug|Any CPU
		{71415B2E-F60B-4192-B74D-0DEA3043A743}.Debug|Any CPU.Build.0 = Debug|Any CPU
		{71415B2E-F60B-4192-B74D-0DEA3043A743}.Release|Any CPU.ActiveCfg = Release|Any CPU
		{71415B2E-F60B-4192-B74D-0DEA3043A743}.Release|Any CPU.Build.0 = Release|Any CPU
		{6C379228-DF5A-4EB8-8F52-E11A1E4C55A5}.Debug|Any CPU.ActiveCfg = Debug|Any CPU
		{6C379228-DF5A-4EB8-8F52-E11A1E4C55A5}.Debug|Any CPU.Build.0 = Debug|Any CPU
		{6C379228-DF5A-4EB8-8F52-E11A1E4C55A5}.Release|Any CPU.ActiveCfg = Release|Any CPU
		{6C379228-DF5A-4EB8-8F52-E11A1E4C55A5}.Release|Any CPU.Build.0 = Release|Any CPU
		{38E40C47-BA59-4473-B0CF-9709B862B0B0}.Debug|Any CPU.ActiveCfg = Debug|Any CPU
		{38E40C47-BA59-4473-B0CF-9709B862B0B0}.Debug|Any CPU.Build.0 = Debug|Any CPU
		{38E40C47-BA59-4473-B0CF-9709B862B0B0}.Release|Any CPU.ActiveCfg = Release|Any CPU
		{38E40C47-BA59-4473-B0CF-9709B862B0B0}.Release|Any CPU.Build.0 = Release|Any CPU
		{B0262E7B-803F-42A1-A66A-D604028184A0}.Debug|Any CPU.ActiveCfg = Debug|Any CPU
		{B0262E7B-803F-42A1-A66A-D604028184A0}.Debug|Any CPU.Build.0 = Debug|Any CPU
		{B0262E7B-803F-42A1-A66A-D604028184A0}.Release|Any CPU.ActiveCfg = Release|Any CPU
		{B0262E7B-803F-42A1-A66A-D604028184A0}.Release|Any CPU.Build.0 = Release|Any CPU
	EndGlobalSection
	GlobalSection(SolutionProperties) = preSolution
		HideSolutionNode = FALSE
	EndGlobalSection
	GlobalSection(ExtensibilityGlobals) = postSolution
		SolutionGuid = {DA1085C3-E32D-4847-AFA0-9089C39F9828}
	EndGlobalSection
EndGlobal
